// !$*UTF8*$!
{
	archiveVersion = 1;
	classes = {
	};
	objectVersion = 50;
	objects = {

/* Begin PBXBuildFile section */
		051E41E0211BA606008BFAE6 /* AppDelegate.swift in Sources */ = {isa = PBXBuildFile; fileRef = 051E41DF211BA606008BFAE6 /* AppDelegate.swift */; };
		051E41E5211BA606008BFAE6 /* Main.storyboard in Resources */ = {isa = PBXBuildFile; fileRef = 051E41E3211BA606008BFAE6 /* Main.storyboard */; };
		051E41E7211BA608008BFAE6 /* Assets.xcassets in Resources */ = {isa = PBXBuildFile; fileRef = 051E41E6211BA608008BFAE6 /* Assets.xcassets */; };
		051E41EA211BA608008BFAE6 /* LaunchScreen.storyboard in Resources */ = {isa = PBXBuildFile; fileRef = 051E41E8211BA608008BFAE6 /* LaunchScreen.storyboard */; };
		051E41F2211BA6E7008BFAE6 /* MessageThreadsTableViewController.swift in Sources */ = {isa = PBXBuildFile; fileRef = 051E41F1211BA6E7008BFAE6 /* MessageThreadsTableViewController.swift */; };
/* End PBXBuildFile section */

/* Begin PBXFileReference section */
		051E41DC211BA606008BFAE6 /* ios-message-board.app */ = {isa = PBXFileReference; explicitFileType = wrapper.application; includeInIndex = 0; path = "ios-message-board.app"; sourceTree = BUILT_PRODUCTS_DIR; };
		051E41DF211BA606008BFAE6 /* AppDelegate.swift */ = {isa = PBXFileReference; lastKnownFileType = sourcecode.swift; path = AppDelegate.swift; sourceTree = "<group>"; };
		051E41E4211BA606008BFAE6 /* Base */ = {isa = PBXFileReference; lastKnownFileType = file.storyboard; name = Base; path = Base.lproj/Main.storyboard; sourceTree = "<group>"; };
		051E41E6211BA608008BFAE6 /* Assets.xcassets */ = {isa = PBXFileReference; lastKnownFileType = folder.assetcatalog; path = Assets.xcassets; sourceTree = "<group>"; };
		051E41E9211BA608008BFAE6 /* Base */ = {isa = PBXFileReference; lastKnownFileType = file.storyboard; name = Base; path = Base.lproj/LaunchScreen.storyboard; sourceTree = "<group>"; };
		051E41EB211BA608008BFAE6 /* Info.plist */ = {isa = PBXFileReference; lastKnownFileType = text.plist.xml; path = Info.plist; sourceTree = "<group>"; };
		051E41F1211BA6E7008BFAE6 /* MessageThreadsTableViewController.swift */ = {isa = PBXFileReference; lastKnownFileType = sourcecode.swift; path = MessageThreadsTableViewController.swift; sourceTree = "<group>"; };
/* End PBXFileReference section */

/* Begin PBXFrameworksBuildPhase section */
		051E41D9211BA606008BFAE6 /* Frameworks */ = {
			isa = PBXFrameworksBuildPhase;
			buildActionMask = 2147483647;
			files = (
			);
			runOnlyForDeploymentPostprocessing = 0;
		};
/* End PBXFrameworksBuildPhase section */

/* Begin PBXGroup section */
		051E41D3211BA606008BFAE6 = {
			isa = PBXGroup;
			children = (
				051E41DE211BA606008BFAE6 /* ios-message-board */,
				051E41DD211BA606008BFAE6 /* Products */,
			);
			sourceTree = "<group>";
		};
		051E41DD211BA606008BFAE6 /* Products */ = {
			isa = PBXGroup;
			children = (
				051E41DC211BA606008BFAE6 /* ios-message-board.app */,
			);
			name = Products;
			sourceTree = "<group>";
		};
		051E41DE211BA606008BFAE6 /* ios-message-board */ = {
			isa = PBXGroup;
			children = (
				051E41DF211BA606008BFAE6 /* AppDelegate.swift */,
				051E41E3211BA606008BFAE6 /* Main.storyboard */,
				051E41EB211BA608008BFAE6 /* Info.plist */,
				051E41F5211BA703008BFAE6 /* Models */,
				051E41F4211BA6FC008BFAE6 /* Views */,
				051E41F3211BA6EE008BFAE6 /* Controllers */,
			);
			path = "ios-message-board";
			sourceTree = "<group>";
		};
		051E41F3211BA6EE008BFAE6 /* Controllers */ = {
			isa = PBXGroup;
			children = (
				051E41F1211BA6E7008BFAE6 /* MessageThreadsTableViewController.swift */,
			);
			path = Controllers;
			sourceTree = "<group>";
		};
		051E41F4211BA6FC008BFAE6 /* Views */ = {
			isa = PBXGroup;
			children = (
				051E41E6211BA608008BFAE6 /* Assets.xcassets */,
				051E41E8211BA608008BFAE6 /* LaunchScreen.storyboard */,
			);
			path = Views;
			sourceTree = "<group>";
		};
		051E41F5211BA703008BFAE6 /* Models */ = {
			isa = PBXGroup;
			children = (
			);
			path = Models;
			sourceTree = "<group>";
		};
/* End PBXGroup section */

/* Begin PBXNativeTarget section */
		051E41DB211BA606008BFAE6 /* ios-message-board */ = {
			isa = PBXNativeTarget;
			buildConfigurationList = 051E41EE211BA608008BFAE6 /* Build configuration list for PBXNativeTarget "ios-message-board" */;
			buildPhases = (
				051E41D8211BA606008BFAE6 /* Sources */,
				051E41D9211BA606008BFAE6 /* Frameworks */,
				051E41DA211BA606008BFAE6 /* Resources */,
			);
			buildRules = (
			);
			dependencies = (
			);
			name = "ios-message-board";
			productName = "ios-message-board";
			productReference = 051E41DC211BA606008BFAE6 /* ios-message-board.app */;
			productType = "com.apple.product-type.application";
		};
/* End PBXNativeTarget section */

/* Begin PBXProject section */
		051E41D4211BA606008BFAE6 /* Project object */ = {
			isa = PBXProject;
			attributes = {
				LastSwiftUpdateCheck = 0940;
				LastUpgradeCheck = 0940;
				ORGANIZATIONNAME = "David Doswell";
				TargetAttributes = {
					051E41DB211BA606008BFAE6 = {
						CreatedOnToolsVersion = 9.4.1;
					};
				};
			};
			buildConfigurationList = 051E41D7211BA606008BFAE6 /* Build configuration list for PBXProject "ios-message-board" */;
			compatibilityVersion = "Xcode 9.3";
			developmentRegion = en;
			hasScannedForEncodings = 0;
			knownRegions = (
				en,
				Base,
			);
			mainGroup = 051E41D3211BA606008BFAE6;
			productRefGroup = 051E41DD211BA606008BFAE6 /* Products */;
			projectDirPath = "";
			projectRoot = "";
			targets = (
				051E41DB211BA606008BFAE6 /* ios-message-board */,
			);
		};
/* End PBXProject section */

/* Begin PBXResourcesBuildPhase section */
		051E41DA211BA606008BFAE6 /* Resources */ = {
			isa = PBXResourcesBuildPhase;
			buildActionMask = 2147483647;
			files = (
				051E41EA211BA608008BFAE6 /* LaunchScreen.storyboard in Resources */,
				051E41E7211BA608008BFAE6 /* Assets.xcassets in Resources */,
				051E41E5211BA606008BFAE6 /* Main.storyboard in Resources */,
			);
			runOnlyForDeploymentPostprocessing = 0;
		};
/* End PBXResourcesBuildPhase section */

/* Begin PBXSourcesBuildPhase section */
		051E41D8211BA606008BFAE6 /* Sources */ = {
			isa = PBXSourcesBuildPhase;
			buildActionMask = 2147483647;
			files = (
				051E41F2211BA6E7008BFAE6 /* MessageThreadsTableViewController.swift in Sources */,
				051E41E0211BA606008BFAE6 /* AppDelegate.swift in Sources */,
			);
			runOnlyForDeploymentPostprocessing = 0;
		};
/* End PBXSourcesBuildPhase section */

/* Begin PBXVariantGroup section */
		051E41E3211BA606008BFAE6 /* Main.storyboard */ = {
			isa = PBXVariantGroup;
			children = (
				051E41E4211BA606008BFAE6 /* Base */,
			);
			name = Main.storyboard;
			sourceTree = "<group>";
		};
		051E41E8211BA608008BFAE6 /* LaunchScreen.storyboard */ = {
			isa = PBXVariantGroup;
			children = (
				051E41E9211BA608008BFAE6 /* Base */,
			);
			name = LaunchScreen.storyboard;
			sourceTree = "<group>";
		};
/* End PBXVariantGroup section */

/* Begin XCBuildConfiguration section */
		051E41EC211BA608008BFAE6 /* Debug */ = {
			isa = XCBuildConfiguration;
			buildSettings = {
				ALWAYS_SEARCH_USER_PATHS = NO;
				CLANG_ANALYZER_NONNULL = YES;
				CLANG_ANALYZER_NUMBER_OBJECT_CONVERSION = YES_AGGRESSIVE;
				CLANG_CXX_LANGUAGE_STANDARD = "gnu++14";
				CLANG_CXX_LIBRARY = "libc++";
				CLANG_ENABLE_MODULES = YES;
				CLANG_ENABLE_OBJC_ARC = YES;
				CLANG_ENABLE_OBJC_WEAK = YES;
				CLANG_WARN_BLOCK_CAPTURE_AUTORELEASING = YES;
				CLANG_WARN_BOOL_CONVERSION = YES;
				CLANG_WARN_COMMA = YES;
				CLANG_WARN_CONSTANT_CONVERSION = YES;
				CLANG_WARN_DEPRECATED_OBJC_IMPLEMENTATIONS = YES;
				CLANG_WARN_DIRECT_OBJC_ISA_USAGE = YES_ERROR;
				CLANG_WARN_DOCUMENTATION_COMMENTS = YES;
				CLANG_WARN_EMPTY_BODY = YES;
				CLANG_WARN_ENUM_CONVERSION = YES;
				CLANG_WARN_INFINITE_RECURSION = YES;
				CLANG_WARN_INT_CONVERSION = YES;
				CLANG_WARN_NON_LITERAL_NULL_CONVERSION = YES;
				CLANG_WARN_OBJC_IMPLICIT_RETAIN_SELF = YES;
				CLANG_WARN_OBJC_LITERAL_CONVERSION = YES;
				CLANG_WARN_OBJC_ROOT_CLASS = YES_ERROR;
				CLANG_WARN_RANGE_LOOP_ANALYSIS = YES;
				CLANG_WARN_STRICT_PROTOTYPES = YES;
				CLANG_WARN_SUSPICIOUS_MOVE = YES;
				CLANG_WARN_UNGUARDED_AVAILABILITY = YES_AGGRESSIVE;
				CLANG_WARN_UNREACHABLE_CODE = YES;
				CLANG_WARN__DUPLICATE_METHOD_MATCH = YES;
				CODE_SIGN_IDENTITY = "iPhone Developer";
				COPY_PHASE_STRIP = NO;
				DEBUG_INFORMATION_FORMAT = dwarf;
				ENABLE_STRICT_OBJC_MSGSEND = YES;
				ENABLE_TESTABILITY = YES;
				GCC_C_LANGUAGE_STANDARD = gnu11;
				GCC_DYNAMIC_NO_PIC = NO;
				GCC_NO_COMMON_BLOCKS = YES;
				GCC_OPTIMIZATION_LEVEL = 0;
				GCC_PREPROCESSOR_DEFINITIONS = (
					"DEBUG=1",
					"$(inherited)",
				);
				GCC_WARN_64_TO_32_BIT_CONVERSION = YES;
				GCC_WARN_ABOUT_RETURN_TYPE = YES_ERROR;
				GCC_WARN_UNDECLARED_SELECTOR = YES;
				GCC_WARN_UNINITIALIZED_AUTOS = YES_AGGRESSIVE;
				GCC_WARN_UNUSED_FUNCTION = YES;
				GCC_WARN_UNUSED_VARIABLE = YES;
				IPHONEOS_DEPLOYMENT_TARGET = 11.4;
				MTL_ENABLE_DEBUG_INFO = YES;
				ONLY_ACTIVE_ARCH = YES;
				SDKROOT = iphoneos;
				SWIFT_ACTIVE_COMPILATION_CONDITIONS = DEBUG;
				SWIFT_OPTIMIZATION_LEVEL = "-Onone";
			};
			name = Debug;
		};
		051E41ED211BA608008BFAE6 /* Release */ = {
			isa = XCBuildConfiguration;
			buildSettings = {
				ALWAYS_SEARCH_USER_PATHS = NO;
				CLANG_ANALYZER_NONNULL = YES;
				CLANG_ANALYZER_NUMBER_OBJECT_CONVERSION = YES_AGGRESSIVE;
				CLANG_CXX_LANGUAGE_STANDARD = "gnu++14";
				CLANG_CXX_LIBRARY = "libc++";
				CLANG_ENABLE_MODULES = YES;
				CLANG_ENABLE_OBJC_ARC = YES;
				CLANG_ENABLE_OBJC_WEAK = YES;
				CLANG_WARN_BLOCK_CAPTURE_AUTORELEASING = YES;
				CLANG_WARN_BOOL_CONVERSION = YES;
				CLANG_WARN_COMMA = YES;
				CLANG_WARN_CONSTANT_CONVERSION = YES;
				CLANG_WARN_DEPRECATED_OBJC_IMPLEMENTATIONS = YES;
				CLANG_WARN_DIRECT_OBJC_ISA_USAGE = YES_ERROR;
				CLANG_WARN_DOCUMENTATION_COMMENTS = YES;
				CLANG_WARN_EMPTY_BODY = YES;
				CLANG_WARN_ENUM_CONVERSION = YES;
				CLANG_WARN_INFINITE_RECURSION = YES;
				CLANG_WARN_INT_CONVERSION = YES;
				CLANG_WARN_NON_LITERAL_NULL_CONVERSION = YES;
				CLANG_WARN_OBJC_IMPLICIT_RETAIN_SELF = YES;
				CLANG_WARN_OBJC_LITERAL_CONVERSION = YES;
				CLANG_WARN_OBJC_ROOT_CLASS = YES_ERROR;
				CLANG_WARN_RANGE_LOOP_ANALYSIS = YES;
				CLANG_WARN_STRICT_PROTOTYPES = YES;
				CLANG_WARN_SUSPICIOUS_MOVE = YES;
				CLANG_WARN_UNGUARDED_AVAILABILITY = YES_AGGRESSIVE;
				CLANG_WARN_UNREACHABLE_CODE = YES;
				CLANG_WARN__DUPLICATE_METHOD_MATCH = YES;
				CODE_SIGN_IDENTITY = "iPhone Developer";
				COPY_PHASE_STRIP = NO;
				DEBUG_INFORMATION_FORMAT = "dwarf-with-dsym";
				ENABLE_NS_ASSERTIONS = NO;
				ENABLE_STRICT_OBJC_MSGSEND = YES;
				GCC_C_LANGUAGE_STANDARD = gnu11;
				GCC_NO_COMMON_BLOCKS = YES;
				GCC_WARN_64_TO_32_BIT_CONVERSION = YES;
				GCC_WARN_ABOUT_RETURN_TYPE = YES_ERROR;
				GCC_WARN_UNDECLARED_SELECTOR = YES;
				GCC_WARN_UNINITIALIZED_AUTOS = YES_AGGRESSIVE;
				GCC_WARN_UNUSED_FUNCTION = YES;
				GCC_WARN_UNUSED_VARIABLE = YES;
				IPHONEOS_DEPLOYMENT_TARGET = 11.4;
				MTL_ENABLE_DEBUG_INFO = NO;
				SDKROOT = iphoneos;
				SWIFT_COMPILATION_MODE = wholemodule;
				SWIFT_OPTIMIZATION_LEVEL = "-O";
				VALIDATE_PRODUCT = YES;
			};
			name = Release;
		};
		051E41EF211BA608008BFAE6 /* Debug */ = {
			isa = XCBuildConfiguration;
			buildSettings = {
				ASSETCATALOG_COMPILER_APPICON_NAME = AppIcon;
				CODE_SIGN_STYLE = Automatic;
				DEVELOPMENT_TEAM = WEBVY2C5S6;
				INFOPLIST_FILE = "ios-message-board/Info.plist";
				LD_RUNPATH_SEARCH_PATHS = (
					"$(inherited)",
					"@executable_path/Frameworks",
				);
				PRODUCT_BUNDLE_IDENTIFIER = "com.DavidDoswell.ios-message-board";
				PRODUCT_NAME = "$(TARGET_NAME)";
				SWIFT_VERSION = 4.0;
				TARGETED_DEVICE_FAMILY = "1,2";
			};
			name = Debug;
		};
		051E41F0211BA608008BFAE6 /* Release */ = {
			isa = XCBuildConfiguration;
			buildSettings = {
				ASSETCATALOG_COMPILER_APPICON_NAME = AppIcon;
				CODE_SIGN_STYLE = Automatic;
				DEVELOPMENT_TEAM = WEBVY2C5S6;
				INFOPLIST_FILE = "ios-message-board/Info.plist";
				LD_RUNPATH_SEARCH_PATHS = (
					"$(inherited)",
					"@executable_path/Frameworks",
				);
				PRODUCT_BUNDLE_IDENTIFIER = "com.DavidDoswell.ios-message-board";
				PRODUCT_NAME = "$(TARGET_NAME)";
				SWIFT_VERSION = 4.0;
				TARGETED_DEVICE_FAMILY = "1,2";
			};
			name = Release;
		};
/* End XCBuildConfiguration section */

/* Begin XCConfigurationList section */
		051E41D7211BA606008BFAE6 /* Build configuration list for PBXProject "ios-message-board" */ = {
			isa = XCConfigurationList;
			buildConfigurations = (
				051E41EC211BA608008BFAE6 /* Debug */,
				051E41ED211BA608008BFAE6 /* Release */,
			);
			defaultConfigurationIsVisible = 0;
			defaultConfigurationName = Release;
		};
		051E41EE211BA608008BFAE6 /* Build configuration list for PBXNativeTarget "ios-message-board" */ = {
			isa = XCConfigurationList;
			buildConfigurations = (
				051E41EF211BA608008BFAE6 /* Debug */,
				051E41F0211BA608008BFAE6 /* Release */,
			);
			defaultConfigurationIsVisible = 0;
			defaultConfigurationName = Release;
		};
/* End XCConfigurationList section */
	};
	rootObject = 051E41D4211BA606008BFAE6 /* Project object */;
}
